
Microsoft Visual Studio Solution File, Format Version 12.00
# Visual Studio Version 17
VisualStudioVersion = 17.12.35707.178 d17.12
MinimumVisualStudioVersion = 10.0.40219.1
Project("{FAE04EC0-301F-11D3-BF4B-00C04F79EFBC}") = "AVS.Wpf", "AVS.Wpf\AVS.Wpf.csproj", "{9088AB29-C806-42BF-A78F-05EDE4E6017C}"
EndProject
Project("{FAE04EC0-301F-11D3-BF4B-00C04F79EFBC}") = "AVS.DBLib", "AVS.DBLib\AVS.DBLib.csproj", "{5DD86862-4547-4228-92F9-AD86B821D77E}"
EndProject
Project("{FAE04EC0-301F-11D3-BF4B-00C04F79EFBC}") = "AVS.Core", "AVS.Core\AVS.Core.csproj", "{93BD3266-06BB-4A05-A706-008C2559C6C1}"
EndProject
Global
	GlobalSection(SolutionConfigurationPlatforms) = preSolution
		Debug|Any CPU = Debug|Any CPU
		Release|Any CPU = Release|Any CPU
	EndGlobalSection
	GlobalSection(ProjectConfigurationPlatforms) = postSolution
		{9088AB29-C806-42BF-A78F-05EDE4E6017C}.Debug|Any CPU.ActiveCfg = Debug|Any CPU
		{9088AB29-C806-42BF-A78F-05EDE4E6017C}.Debug|Any CPU.Build.0 = Debug|Any CPU
		{9088AB29-C806-42BF-A78F-05EDE4E6017C}.Release|Any CPU.ActiveCfg = Release|Any CPU
		{9088AB29-C806-42BF-A78F-05EDE4E6017C}.Release|Any CPU.Build.0 = Release|Any CPU
		{5DD86862-4547-4228-92F9-AD86B821D77E}.Debug|Any CPU.ActiveCfg = Debug|Any CPU
		{5DD86862-4547-4228-92F9-AD86B821D77E}.Debug|Any CPU.Build.0 = Debug|Any CPU
		{5DD86862-4547-4228-92F9-AD86B821D77E}.Release|Any CPU.ActiveCfg = Release|Any CPU
		{5DD86862-4547-4228-92F9-AD86B821D77E}.Release|Any CPU.Build.0 = Release|Any CPU
		{93BD3266-06BB-4A05-A706-008C2559C6C1}.Debug|Any CPU.ActiveCfg = Debug|Any CPU
		{93BD3266-06BB-4A05-A706-008C2559C6C1}.Debug|Any CPU.Build.0 = Debug|Any CPU
		{93BD3266-06BB-4A05-A706-008C2559C6C1}.Release|Any CPU.ActiveCfg = Release|Any CPU
		{93BD3266-06BB-4A05-A706-008C2559C6C1}.Release|Any CPU.Build.0 = Release|Any CPU
	EndGlobalSection
	GlobalSection(SolutionProperties) = preSolution
		HideSolutionNode = FALSE
	EndGlobalSection
EndGlobal
